// !$*UTF8*$!
{
	archiveVersion = 1;
	classes = {
	};
	objectVersion = 55;
	objects = {

/* Begin PBXBuildFile section */
		5A89F14628574E25006C50B2 /* AppDelegate.swift in Sources */ = {isa = PBXBuildFile; fileRef = 5A89F14528574E25006C50B2 /* AppDelegate.swift */; };
		5A89F14828574E25006C50B2 /* SceneDelegate.swift in Sources */ = {isa = PBXBuildFile; fileRef = 5A89F14728574E25006C50B2 /* SceneDelegate.swift */; };
		5A89F14A28574E25006C50B2 /* NewsViewController.swift in Sources */ = {isa = PBXBuildFile; fileRef = 5A89F14928574E25006C50B2 /* NewsViewController.swift */; };
		5A89F14F28574E28006C50B2 /* Assets.xcassets in Resources */ = {isa = PBXBuildFile; fileRef = 5A89F14E28574E28006C50B2 /* Assets.xcassets */; };
		5AA2C9502860522800B9860A /* CombineMoya in Frameworks */ = {isa = PBXBuildFile; productRef = 5AA2C94F2860522800B9860A /* CombineMoya */; };
		5AA2C9522860522800B9860A /* Moya in Frameworks */ = {isa = PBXBuildFile; productRef = 5AA2C9512860522800B9860A /* Moya */; };
		5AA2C9562860541D00B9860A /* CombineCocoa in Frameworks */ = {isa = PBXBuildFile; productRef = 5AA2C9552860541D00B9860A /* CombineCocoa */; };
		D6392EC82859835800988742 /* Colors.xcassets in Resources */ = {isa = PBXBuildFile; fileRef = D6392EC72859835800988742 /* Colors.xcassets */; };
		D6392ECA2859836500988742 /* ExtensionUIColor.swift in Sources */ = {isa = PBXBuildFile; fileRef = D6392EC92859836500988742 /* ExtensionUIColor.swift */; };
		D6392ECC2859836B00988742 /* MockData.swift in Sources */ = {isa = PBXBuildFile; fileRef = D6392ECB2859836B00988742 /* MockData.swift */; };
		D6392ED1285983F300988742 /* NewsCellView.swift in Sources */ = {isa = PBXBuildFile; fileRef = D6392ECF285983F200988742 /* NewsCellView.swift */; };
		D6392ED2285983F300988742 /* NewsTableView.swift in Sources */ = {isa = PBXBuildFile; fileRef = D6392ED0285983F300988742 /* NewsTableView.swift */; };
		D661147F285D963B0028A383 /* TabManageViewController.swift in Sources */ = {isa = PBXBuildFile; fileRef = D661147E285D963B0028A383 /* TabManageViewController.swift */; };
		D6611483285DC2670028A383 /* ExtensionCGFloat.swift in Sources */ = {isa = PBXBuildFile; fileRef = D6611482285DC2670028A383 /* ExtensionCGFloat.swift */; };
		D6611485285DD5A00028A383 /* Launch Screen.storyboard in Resources */ = {isa = PBXBuildFile; fileRef = D6611484285DD5A00028A383 /* Launch Screen.storyboard */; };
		D68E3E98285D4B95004EDC25 /* WebViewController.swift in Sources */ = {isa = PBXBuildFile; fileRef = D68E3E97285D4B95004EDC25 /* WebViewController.swift */; };
		D69244B9285CD3570099AEDB /* ALProgressView in Frameworks */ = {isa = PBXBuildFile; productRef = D69244B8285CD3570099AEDB /* ALProgressView */; };
		DE16B6216407C2C6B4ED0D13 /* Pods_HackU07_ios.framework in Frameworks */ = {isa = PBXBuildFile; fileRef = 71DB3BD4D5BD8BE67526B907 /* Pods_HackU07_ios.framework */; };
/* End PBXBuildFile section */

/* Begin PBXFileReference section */
		5A89F14228574E25006C50B2 /* HackU07-ios.app */ = {isa = PBXFileReference; explicitFileType = wrapper.application; includeInIndex = 0; path = "HackU07-ios.app"; sourceTree = BUILT_PRODUCTS_DIR; };
		5A89F14528574E25006C50B2 /* AppDelegate.swift */ = {isa = PBXFileReference; lastKnownFileType = sourcecode.swift; path = AppDelegate.swift; sourceTree = "<group>"; };
		5A89F14728574E25006C50B2 /* SceneDelegate.swift */ = {isa = PBXFileReference; lastKnownFileType = sourcecode.swift; path = SceneDelegate.swift; sourceTree = "<group>"; };
		5A89F14928574E25006C50B2 /* NewsViewController.swift */ = {isa = PBXFileReference; lastKnownFileType = sourcecode.swift; path = NewsViewController.swift; sourceTree = "<group>"; };
		5A89F14E28574E28006C50B2 /* Assets.xcassets */ = {isa = PBXFileReference; lastKnownFileType = folder.assetcatalog; path = Assets.xcassets; sourceTree = "<group>"; };
		5A89F15328574E28006C50B2 /* Info.plist */ = {isa = PBXFileReference; lastKnownFileType = text.plist.xml; path = Info.plist; sourceTree = "<group>"; };
		71DB3BD4D5BD8BE67526B907 /* Pods_HackU07_ios.framework */ = {isa = PBXFileReference; explicitFileType = wrapper.framework; includeInIndex = 0; path = Pods_HackU07_ios.framework; sourceTree = BUILT_PRODUCTS_DIR; };
		96DC4D285BD030631C891106 /* Pods-HackU07-ios.debug.xcconfig */ = {isa = PBXFileReference; includeInIndex = 1; lastKnownFileType = text.xcconfig; name = "Pods-HackU07-ios.debug.xcconfig"; path = "Target Support Files/Pods-HackU07-ios/Pods-HackU07-ios.debug.xcconfig"; sourceTree = "<group>"; };
		D6392EC72859835800988742 /* Colors.xcassets */ = {isa = PBXFileReference; lastKnownFileType = folder.assetcatalog; path = Colors.xcassets; sourceTree = "<group>"; };
		D6392EC92859836500988742 /* ExtensionUIColor.swift */ = {isa = PBXFileReference; fileEncoding = 4; lastKnownFileType = sourcecode.swift; path = ExtensionUIColor.swift; sourceTree = "<group>"; };
		D6392ECB2859836B00988742 /* MockData.swift */ = {isa = PBXFileReference; fileEncoding = 4; lastKnownFileType = sourcecode.swift; path = MockData.swift; sourceTree = "<group>"; };
		D6392ECF285983F200988742 /* NewsCellView.swift */ = {isa = PBXFileReference; fileEncoding = 4; lastKnownFileType = sourcecode.swift; path = NewsCellView.swift; sourceTree = "<group>"; };
		D6392ED0285983F300988742 /* NewsTableView.swift */ = {isa = PBXFileReference; fileEncoding = 4; lastKnownFileType = sourcecode.swift; path = NewsTableView.swift; sourceTree = "<group>"; };
		D661147E285D963B0028A383 /* TabManageViewController.swift */ = {isa = PBXFileReference; lastKnownFileType = sourcecode.swift; path = TabManageViewController.swift; sourceTree = "<group>"; };
		D6611482285DC2670028A383 /* ExtensionCGFloat.swift */ = {isa = PBXFileReference; lastKnownFileType = sourcecode.swift; path = ExtensionCGFloat.swift; sourceTree = "<group>"; };
		D6611484285DD5A00028A383 /* Launch Screen.storyboard */ = {isa = PBXFileReference; lastKnownFileType = file.storyboard; path = "Launch Screen.storyboard"; sourceTree = "<group>"; };
		D68E3E97285D4B95004EDC25 /* WebViewController.swift */ = {isa = PBXFileReference; lastKnownFileType = sourcecode.swift; path = WebViewController.swift; sourceTree = "<group>"; };
		F24C74EE02C7ADB72691EB7B /* Pods-HackU07-ios.release.xcconfig */ = {isa = PBXFileReference; includeInIndex = 1; lastKnownFileType = text.xcconfig; name = "Pods-HackU07-ios.release.xcconfig"; path = "Target Support Files/Pods-HackU07-ios/Pods-HackU07-ios.release.xcconfig"; sourceTree = "<group>"; };
/* End PBXFileReference section */

/* Begin PBXFrameworksBuildPhase section */
		5A89F13F28574E25006C50B2 /* Frameworks */ = {
			isa = PBXFrameworksBuildPhase;
			buildActionMask = 2147483647;
			files = (
				D69244B9285CD3570099AEDB /* ALProgressView in Frameworks */,
				DE16B6216407C2C6B4ED0D13 /* Pods_HackU07_ios.framework in Frameworks */,
				5AA2C9522860522800B9860A /* Moya in Frameworks */,
				5AA2C9562860541D00B9860A /* CombineCocoa in Frameworks */,
				5AA2C9502860522800B9860A /* CombineMoya in Frameworks */,
			);
			runOnlyForDeploymentPostprocessing = 0;
		};
/* End PBXFrameworksBuildPhase section */

/* Begin PBXGroup section */
		5A89F13928574E25006C50B2 = {
			isa = PBXGroup;
			children = (
				5A89F14428574E25006C50B2 /* HackU07-ios */,
				5A89F14328574E25006C50B2 /* Products */,
				BECE4288B1CCC90465E63C90 /* Pods */,
				91FA507EFCED63CDD6C007D9 /* Frameworks */,
			);
			sourceTree = "<group>";
		};
		5A89F14328574E25006C50B2 /* Products */ = {
			isa = PBXGroup;
			children = (
				5A89F14228574E25006C50B2 /* HackU07-ios.app */,
			);
			name = Products;
			sourceTree = "<group>";
		};
		5A89F14428574E25006C50B2 /* HackU07-ios */ = {
			isa = PBXGroup;
			children = (
				5A89F1592857507A006C50B2 /* App */,
				5A89F15A2857508A006C50B2 /* Screen */,
				5AA2C957286054CD00B9860A /* Extensions */,
				5A89F15B285750B9006C50B2 /* Resources */,
				5A89F15328574E28006C50B2 /* Info.plist */,
			);
			path = "HackU07-ios";
			sourceTree = "<group>";
		};
		5A89F1592857507A006C50B2 /* App */ = {
			isa = PBXGroup;
			children = (
				5A89F14728574E25006C50B2 /* SceneDelegate.swift */,
				5A89F14528574E25006C50B2 /* AppDelegate.swift */,
			);
			path = App;
			sourceTree = "<group>";
		};
		5A89F15A2857508A006C50B2 /* Screen */ = {
			isa = PBXGroup;
			children = (
				5AA2C95A2860554000B9860A /* Web */,
				5AA2C9592860553900B9860A /* News */,
				5AA2C9582860553200B9860A /* Tab */,
				D6611484285DD5A00028A383 /* Launch Screen.storyboard */,
			);
			path = Screen;
			sourceTree = "<group>";
		};
		5A89F15B285750B9006C50B2 /* Resources */ = {
			isa = PBXGroup;
			children = (
				D6392EC72859835800988742 /* Colors.xcassets */,
				5A89F14E28574E28006C50B2 /* Assets.xcassets */,
				D6392ECB2859836B00988742 /* MockData.swift */,
			);
			path = Resources;
			sourceTree = "<group>";
		};
		5AA2C957286054CD00B9860A /* Extensions */ = {
			isa = PBXGroup;
			children = (
				D6611482285DC2670028A383 /* ExtensionCGFloat.swift */,
				D6392EC92859836500988742 /* ExtensionUIColor.swift */,
			);
			path = Extensions;
			sourceTree = "<group>";
		};
		5AA2C9582860553200B9860A /* Tab */ = {
			isa = PBXGroup;
			children = (
				D661147E285D963B0028A383 /* TabManageViewController.swift */,
			);
			path = Tab;
			sourceTree = "<group>";
		};
		5AA2C9592860553900B9860A /* News */ = {
			isa = PBXGroup;
			children = (
				D6392ED0285983F300988742 /* NewsTableView.swift */,
				D6392ECF285983F200988742 /* NewsCellView.swift */,
				5A89F14928574E25006C50B2 /* NewsViewController.swift */,
			);
			path = News;
			sourceTree = "<group>";
		};
		5AA2C95A2860554000B9860A /* Web */ = {
			isa = PBXGroup;
			children = (
				D68E3E97285D4B95004EDC25 /* WebViewController.swift */,
			);
			path = Web;
			sourceTree = "<group>";
		};
		91FA507EFCED63CDD6C007D9 /* Frameworks */ = {
			isa = PBXGroup;
			children = (
				71DB3BD4D5BD8BE67526B907 /* Pods_HackU07_ios.framework */,
			);
			name = Frameworks;
			sourceTree = "<group>";
		};
		BECE4288B1CCC90465E63C90 /* Pods */ = {
			isa = PBXGroup;
			children = (
				96DC4D285BD030631C891106 /* Pods-HackU07-ios.debug.xcconfig */,
				F24C74EE02C7ADB72691EB7B /* Pods-HackU07-ios.release.xcconfig */,
			);
			path = Pods;
			sourceTree = "<group>";
		};
/* End PBXGroup section */

/* Begin PBXNativeTarget section */
		5A89F14128574E25006C50B2 /* HackU07-ios */ = {
			isa = PBXNativeTarget;
			buildConfigurationList = 5A89F15628574E28006C50B2 /* Build configuration list for PBXNativeTarget "HackU07-ios" */;
			buildPhases = (
				E17ED8F84A295C6318485278 /* [CP] Check Pods Manifest.lock */,
				5A0457482859759800138F54 /* Swift Format */,
				5A89F13E28574E25006C50B2 /* Sources */,
				5A89F13F28574E25006C50B2 /* Frameworks */,
				5A89F14028574E25006C50B2 /* Resources */,
				3A1339338F1A2F85638295B7 /* [CP] Embed Pods Frameworks */,
			);
			buildRules = (
			);
			dependencies = (
			);
			name = "HackU07-ios";
			packageProductDependencies = (
				D69244B8285CD3570099AEDB /* ALProgressView */,
				5AA2C94F2860522800B9860A /* CombineMoya */,
				5AA2C9512860522800B9860A /* Moya */,
				5AA2C9552860541D00B9860A /* CombineCocoa */,
			);
			productName = "HackU07-ios";
			productReference = 5A89F14228574E25006C50B2 /* HackU07-ios.app */;
			productType = "com.apple.product-type.application";
		};
/* End PBXNativeTarget section */

/* Begin PBXProject section */
		5A89F13A28574E25006C50B2 /* Project object */ = {
			isa = PBXProject;
			attributes = {
				BuildIndependentTargetsInParallel = 1;
				LastSwiftUpdateCheck = 1340;
				LastUpgradeCheck = 1340;
				TargetAttributes = {
					5A89F14128574E25006C50B2 = {
						CreatedOnToolsVersion = 13.4.1;
					};
				};
			};
			buildConfigurationList = 5A89F13D28574E25006C50B2 /* Build configuration list for PBXProject "HackU07-ios" */;
			compatibilityVersion = "Xcode 13.0";
			developmentRegion = en;
			hasScannedForEncodings = 0;
			knownRegions = (
				en,
				Base,
			);
			mainGroup = 5A89F13928574E25006C50B2;
			packageReferences = (
				D69244B7285CD3570099AEDB /* XCRemoteSwiftPackageReference "ALProgressView" */,
				5AA2C94E2860522800B9860A /* XCRemoteSwiftPackageReference "Moya" */,
				5AA2C9542860541D00B9860A /* XCRemoteSwiftPackageReference "CombineCocoa" */,
			);
			productRefGroup = 5A89F14328574E25006C50B2 /* Products */;
			projectDirPath = "";
			projectRoot = "";
			targets = (
				5A89F14128574E25006C50B2 /* HackU07-ios */,
			);
		};
/* End PBXProject section */

/* Begin PBXResourcesBuildPhase section */
		5A89F14028574E25006C50B2 /* Resources */ = {
			isa = PBXResourcesBuildPhase;
			buildActionMask = 2147483647;
			files = (
				D6611485285DD5A00028A383 /* Launch Screen.storyboard in Resources */,
				5A89F14F28574E28006C50B2 /* Assets.xcassets in Resources */,
				D6392EC82859835800988742 /* Colors.xcassets in Resources */,
			);
			runOnlyForDeploymentPostprocessing = 0;
		};
/* End PBXResourcesBuildPhase section */

/* Begin PBXShellScriptBuildPhase section */
		3A1339338F1A2F85638295B7 /* [CP] Embed Pods Frameworks */ = {
			isa = PBXShellScriptBuildPhase;
			buildActionMask = 2147483647;
			files = (
			);
			inputFileListPaths = (
				"${PODS_ROOT}/Target Support Files/Pods-HackU07-ios/Pods-HackU07-ios-frameworks-${CONFIGURATION}-input-files.xcfilelist",
			);
			name = "[CP] Embed Pods Frameworks";
			outputFileListPaths = (
				"${PODS_ROOT}/Target Support Files/Pods-HackU07-ios/Pods-HackU07-ios-frameworks-${CONFIGURATION}-output-files.xcfilelist",
			);
			runOnlyForDeploymentPostprocessing = 0;
			shellPath = /bin/sh;
			shellScript = "\"${PODS_ROOT}/Target Support Files/Pods-HackU07-ios/Pods-HackU07-ios-frameworks.sh\"\n";
			showEnvVarsInLog = 0;
		};
		5A0457482859759800138F54 /* Swift Format */ = {
			isa = PBXShellScriptBuildPhase;
			buildActionMask = 2147483647;
			files = (
			);
			inputFileListPaths = (
			);
			inputPaths = (
			);
			name = "Swift Format";
			outputFileListPaths = (
			);
			outputPaths = (
			);
			runOnlyForDeploymentPostprocessing = 0;
			shellPath = /bin/sh;
			shellScript = "cd BuildTools\nSDKROOT=(xcurn --sdk macosx --show-sdk-path)\nswift run -c release swiftformat \"$SRCROOT\" --disable strongOutlets, trailingCommas\n";
		};
		E17ED8F84A295C6318485278 /* [CP] Check Pods Manifest.lock */ = {
			isa = PBXShellScriptBuildPhase;
			buildActionMask = 2147483647;
			files = (
			);
			inputFileListPaths = (
			);
			inputPaths = (
				"${PODS_PODFILE_DIR_PATH}/Podfile.lock",
				"${PODS_ROOT}/Manifest.lock",
			);
			name = "[CP] Check Pods Manifest.lock";
			outputFileListPaths = (
			);
			outputPaths = (
				"$(DERIVED_FILE_DIR)/Pods-HackU07-ios-checkManifestLockResult.txt",
			);
			runOnlyForDeploymentPostprocessing = 0;
			shellPath = /bin/sh;
			shellScript = "diff \"${PODS_PODFILE_DIR_PATH}/Podfile.lock\" \"${PODS_ROOT}/Manifest.lock\" > /dev/null\nif [ $? != 0 ] ; then\n    # print error to STDERR\n    echo \"error: The sandbox is not in sync with the Podfile.lock. Run 'pod install' or update your CocoaPods installation.\" >&2\n    exit 1\nfi\n# This output is used by Xcode 'outputs' to avoid re-running this script phase.\necho \"SUCCESS\" > \"${SCRIPT_OUTPUT_FILE_0}\"\n";
			showEnvVarsInLog = 0;
		};
/* End PBXShellScriptBuildPhase section */

/* Begin PBXSourcesBuildPhase section */
		5A89F13E28574E25006C50B2 /* Sources */ = {
			isa = PBXSourcesBuildPhase;
			buildActionMask = 2147483647;
			files = (
				D6392ED2285983F300988742 /* NewsTableView.swift in Sources */,
				5A89F14A28574E25006C50B2 /* NewsViewController.swift in Sources */,
				5A89F14628574E25006C50B2 /* AppDelegate.swift in Sources */,
				5A89F14828574E25006C50B2 /* SceneDelegate.swift in Sources */,
				D6392ED1285983F300988742 /* NewsCellView.swift in Sources */,
				D6392ECA2859836500988742 /* ExtensionUIColor.swift in Sources */,
				D6392ECC2859836B00988742 /* MockData.swift in Sources */,
				D68E3E98285D4B95004EDC25 /* WebViewController.swift in Sources */,
				D6611483285DC2670028A383 /* ExtensionCGFloat.swift in Sources */,
				D661147F285D963B0028A383 /* TabManageViewController.swift in Sources */,
			);
			runOnlyForDeploymentPostprocessing = 0;
		};
/* End PBXSourcesBuildPhase section */

/* Begin XCBuildConfiguration section */
		5A89F15428574E28006C50B2 /* Debug */ = {
			isa = XCBuildConfiguration;
			buildSettings = {
				ALWAYS_SEARCH_USER_PATHS = NO;
				CLANG_ANALYZER_NONNULL = YES;
				CLANG_ANALYZER_NUMBER_OBJECT_CONVERSION = YES_AGGRESSIVE;
				CLANG_CXX_LANGUAGE_STANDARD = "gnu++17";
				CLANG_ENABLE_MODULES = YES;
				CLANG_ENABLE_OBJC_ARC = YES;
				CLANG_ENABLE_OBJC_WEAK = YES;
				CLANG_WARN_BLOCK_CAPTURE_AUTORELEASING = YES;
				CLANG_WARN_BOOL_CONVERSION = YES;
				CLANG_WARN_COMMA = YES;
				CLANG_WARN_CONSTANT_CONVERSION = YES;
				CLANG_WARN_DEPRECATED_OBJC_IMPLEMENTATIONS = YES;
				CLANG_WARN_DIRECT_OBJC_ISA_USAGE = YES_ERROR;
				CLANG_WARN_DOCUMENTATION_COMMENTS = YES;
				CLANG_WARN_EMPTY_BODY = YES;
				CLANG_WARN_ENUM_CONVERSION = YES;
				CLANG_WARN_INFINITE_RECURSION = YES;
				CLANG_WARN_INT_CONVERSION = YES;
				CLANG_WARN_NON_LITERAL_NULL_CONVERSION = YES;
				CLANG_WARN_OBJC_IMPLICIT_RETAIN_SELF = YES;
				CLANG_WARN_OBJC_LITERAL_CONVERSION = YES;
				CLANG_WARN_OBJC_ROOT_CLASS = YES_ERROR;
				CLANG_WARN_QUOTED_INCLUDE_IN_FRAMEWORK_HEADER = YES;
				CLANG_WARN_RANGE_LOOP_ANALYSIS = YES;
				CLANG_WARN_STRICT_PROTOTYPES = YES;
				CLANG_WARN_SUSPICIOUS_MOVE = YES;
				CLANG_WARN_UNGUARDED_AVAILABILITY = YES_AGGRESSIVE;
				CLANG_WARN_UNREACHABLE_CODE = YES;
				CLANG_WARN__DUPLICATE_METHOD_MATCH = YES;
				COPY_PHASE_STRIP = NO;
				DEBUG_INFORMATION_FORMAT = dwarf;
				ENABLE_STRICT_OBJC_MSGSEND = YES;
				ENABLE_TESTABILITY = YES;
				GCC_C_LANGUAGE_STANDARD = gnu11;
				GCC_DYNAMIC_NO_PIC = NO;
				GCC_NO_COMMON_BLOCKS = YES;
				GCC_OPTIMIZATION_LEVEL = 0;
				GCC_PREPROCESSOR_DEFINITIONS = (
					"DEBUG=1",
					"$(inherited)",
				);
				GCC_WARN_64_TO_32_BIT_CONVERSION = YES;
				GCC_WARN_ABOUT_RETURN_TYPE = YES_ERROR;
				GCC_WARN_UNDECLARED_SELECTOR = YES;
				GCC_WARN_UNINITIALIZED_AUTOS = YES_AGGRESSIVE;
				GCC_WARN_UNUSED_FUNCTION = YES;
				GCC_WARN_UNUSED_VARIABLE = YES;
				IPHONEOS_DEPLOYMENT_TARGET = 15.5;
				MTL_ENABLE_DEBUG_INFO = INCLUDE_SOURCE;
				MTL_FAST_MATH = YES;
				ONLY_ACTIVE_ARCH = YES;
				SDKROOT = iphoneos;
				SWIFT_ACTIVE_COMPILATION_CONDITIONS = DEBUG;
				SWIFT_OPTIMIZATION_LEVEL = "-Onone";
			};
			name = Debug;
		};
		5A89F15528574E28006C50B2 /* Release */ = {
			isa = XCBuildConfiguration;
			buildSettings = {
				ALWAYS_SEARCH_USER_PATHS = NO;
				CLANG_ANALYZER_NONNULL = YES;
				CLANG_ANALYZER_NUMBER_OBJECT_CONVERSION = YES_AGGRESSIVE;
				CLANG_CXX_LANGUAGE_STANDARD = "gnu++17";
				CLANG_ENABLE_MODULES = YES;
				CLANG_ENABLE_OBJC_ARC = YES;
				CLANG_ENABLE_OBJC_WEAK = YES;
				CLANG_WARN_BLOCK_CAPTURE_AUTORELEASING = YES;
				CLANG_WARN_BOOL_CONVERSION = YES;
				CLANG_WARN_COMMA = YES;
				CLANG_WARN_CONSTANT_CONVERSION = YES;
				CLANG_WARN_DEPRECATED_OBJC_IMPLEMENTATIONS = YES;
				CLANG_WARN_DIRECT_OBJC_ISA_USAGE = YES_ERROR;
				CLANG_WARN_DOCUMENTATION_COMMENTS = YES;
				CLANG_WARN_EMPTY_BODY = YES;
				CLANG_WARN_ENUM_CONVERSION = YES;
				CLANG_WARN_INFINITE_RECURSION = YES;
				CLANG_WARN_INT_CONVERSION = YES;
				CLANG_WARN_NON_LITERAL_NULL_CONVERSION = YES;
				CLANG_WARN_OBJC_IMPLICIT_RETAIN_SELF = YES;
				CLANG_WARN_OBJC_LITERAL_CONVERSION = YES;
				CLANG_WARN_OBJC_ROOT_CLASS = YES_ERROR;
				CLANG_WARN_QUOTED_INCLUDE_IN_FRAMEWORK_HEADER = YES;
				CLANG_WARN_RANGE_LOOP_ANALYSIS = YES;
				CLANG_WARN_STRICT_PROTOTYPES = YES;
				CLANG_WARN_SUSPICIOUS_MOVE = YES;
				CLANG_WARN_UNGUARDED_AVAILABILITY = YES_AGGRESSIVE;
				CLANG_WARN_UNREACHABLE_CODE = YES;
				CLANG_WARN__DUPLICATE_METHOD_MATCH = YES;
				COPY_PHASE_STRIP = NO;
				DEBUG_INFORMATION_FORMAT = "dwarf-with-dsym";
				ENABLE_NS_ASSERTIONS = NO;
				ENABLE_STRICT_OBJC_MSGSEND = YES;
				GCC_C_LANGUAGE_STANDARD = gnu11;
				GCC_NO_COMMON_BLOCKS = YES;
				GCC_WARN_64_TO_32_BIT_CONVERSION = YES;
				GCC_WARN_ABOUT_RETURN_TYPE = YES_ERROR;
				GCC_WARN_UNDECLARED_SELECTOR = YES;
				GCC_WARN_UNINITIALIZED_AUTOS = YES_AGGRESSIVE;
				GCC_WARN_UNUSED_FUNCTION = YES;
				GCC_WARN_UNUSED_VARIABLE = YES;
				IPHONEOS_DEPLOYMENT_TARGET = 15.5;
				MTL_ENABLE_DEBUG_INFO = NO;
				MTL_FAST_MATH = YES;
				SDKROOT = iphoneos;
				SWIFT_COMPILATION_MODE = wholemodule;
				SWIFT_OPTIMIZATION_LEVEL = "-O";
				VALIDATE_PRODUCT = YES;
			};
			name = Release;
		};
		5A89F15728574E28006C50B2 /* Debug */ = {
			isa = XCBuildConfiguration;
			baseConfigurationReference = 96DC4D285BD030631C891106 /* Pods-HackU07-ios.debug.xcconfig */;
			buildSettings = {
				ASSETCATALOG_COMPILER_APPICON_NAME = AppIcon;
				ASSETCATALOG_COMPILER_GLOBAL_ACCENT_COLOR_NAME = AccentColor;
				CODE_SIGN_STYLE = Automatic;
				CURRENT_PROJECT_VERSION = 1;
				DEVELOPMENT_TEAM = "";
				GENERATE_INFOPLIST_FILE = YES;
				INFOPLIST_FILE = "HackU07-ios/Info.plist";
				INFOPLIST_KEY_UIApplicationSupportsIndirectInputEvents = YES;
				INFOPLIST_KEY_UILaunchStoryboardName = "Launch Screen";
				INFOPLIST_KEY_UISupportedInterfaceOrientations_iPad = "UIInterfaceOrientationPortrait UIInterfaceOrientationPortraitUpsideDown UIInterfaceOrientationLandscapeLeft UIInterfaceOrientationLandscapeRight";
				INFOPLIST_KEY_UISupportedInterfaceOrientations_iPhone = "UIInterfaceOrientationPortrait UIInterfaceOrientationLandscapeLeft UIInterfaceOrientationLandscapeRight";
				IPHONEOS_DEPLOYMENT_TARGET = 15.5;
				LD_RUNPATH_SEARCH_PATHS = (
					"$(inherited)",
					"@executable_path/Frameworks",
				);
				MARKETING_VERSION = 1.0;
				PRODUCT_BUNDLE_IDENTIFIER = "com.gmail.324etsushi.HackU07-ios";
				PRODUCT_NAME = "$(TARGET_NAME)";
				SWIFT_EMIT_LOC_STRINGS = YES;
				SWIFT_VERSION = 5.0;
				TARGETED_DEVICE_FAMILY = "1,2";
			};
			name = Debug;
		};
		5A89F15828574E28006C50B2 /* Release */ = {
			isa = XCBuildConfiguration;
			baseConfigurationReference = F24C74EE02C7ADB72691EB7B /* Pods-HackU07-ios.release.xcconfig */;
			buildSettings = {
				ASSETCATALOG_COMPILER_APPICON_NAME = AppIcon;
				ASSETCATALOG_COMPILER_GLOBAL_ACCENT_COLOR_NAME = AccentColor;
				CODE_SIGN_STYLE = Automatic;
				CURRENT_PROJECT_VERSION = 1;
				DEVELOPMENT_TEAM = "";
				GENERATE_INFOPLIST_FILE = YES;
				INFOPLIST_FILE = "HackU07-ios/Info.plist";
				INFOPLIST_KEY_UIApplicationSupportsIndirectInputEvents = YES;
				INFOPLIST_KEY_UILaunchStoryboardName = "Launch Screen";
				INFOPLIST_KEY_UISupportedInterfaceOrientations_iPad = "UIInterfaceOrientationPortrait UIInterfaceOrientationPortraitUpsideDown UIInterfaceOrientationLandscapeLeft UIInterfaceOrientationLandscapeRight";
				INFOPLIST_KEY_UISupportedInterfaceOrientations_iPhone = "UIInterfaceOrientationPortrait UIInterfaceOrientationLandscapeLeft UIInterfaceOrientationLandscapeRight";
				IPHONEOS_DEPLOYMENT_TARGET = 15.5;
				LD_RUNPATH_SEARCH_PATHS = (
					"$(inherited)",
					"@executable_path/Frameworks",
				);
				MARKETING_VERSION = 1.0;
				PRODUCT_BUNDLE_IDENTIFIER = "com.gmail.324etsushi.HackU07-ios";
				PRODUCT_NAME = "$(TARGET_NAME)";
				SWIFT_EMIT_LOC_STRINGS = YES;
				SWIFT_VERSION = 5.0;
				TARGETED_DEVICE_FAMILY = "1,2";
			};
			name = Release;
		};
/* End XCBuildConfiguration section */

/* Begin XCConfigurationList section */
		5A89F13D28574E25006C50B2 /* Build configuration list for PBXProject "HackU07-ios" */ = {
			isa = XCConfigurationList;
			buildConfigurations = (
				5A89F15428574E28006C50B2 /* Debug */,
				5A89F15528574E28006C50B2 /* Release */,
			);
			defaultConfigurationIsVisible = 0;
			defaultConfigurationName = Release;
		};
		5A89F15628574E28006C50B2 /* Build configuration list for PBXNativeTarget "HackU07-ios" */ = {
			isa = XCConfigurationList;
			buildConfigurations = (
				5A89F15728574E28006C50B2 /* Debug */,
				5A89F15828574E28006C50B2 /* Release */,
			);
			defaultConfigurationIsVisible = 0;
			defaultConfigurationName = Release;
		};
/* End XCConfigurationList section */

/* Begin XCRemoteSwiftPackageReference section */
		5AA2C94E2860522800B9860A /* XCRemoteSwiftPackageReference "Moya" */ = {
			isa = XCRemoteSwiftPackageReference;
			repositoryURL = "https://github.com/Moya/Moya.git";
			requirement = {
				kind = upToNextMajorVersion;
				minimumVersion = 15.0.0;
			};
		};
		5AA2C9542860541D00B9860A /* XCRemoteSwiftPackageReference "CombineCocoa" */ = {
			isa = XCRemoteSwiftPackageReference;
			repositoryURL = "https://github.com/CombineCommunity/CombineCocoa.git";
			requirement = {
				kind = upToNextMajorVersion;
				minimumVersion = 0.4.0;
			};
		};
		D69244B7285CD3570099AEDB /* XCRemoteSwiftPackageReference "ALProgressView" */ = {
			isa = XCRemoteSwiftPackageReference;
			repositoryURL = "https://github.com/alxrguz/ALProgressView";
			requirement = {
				kind = upToNextMajorVersion;
				minimumVersion = 2.0.0;
			};
		};
/* End XCRemoteSwiftPackageReference section */

/* Begin XCSwiftPackageProductDependency section */
		5AA2C94F2860522800B9860A /* CombineMoya */ = {
			isa = XCSwiftPackageProductDependency;
			package = 5AA2C94E2860522800B9860A /* XCRemoteSwiftPackageReference "Moya" */;
			productName = CombineMoya;
		};
		5AA2C9512860522800B9860A /* Moya */ = {
			isa = XCSwiftPackageProductDependency;
			package = 5AA2C94E2860522800B9860A /* XCRemoteSwiftPackageReference "Moya" */;
			productName = Moya;
		};
		5AA2C9552860541D00B9860A /* CombineCocoa */ = {
			isa = XCSwiftPackageProductDependency;
			package = 5AA2C9542860541D00B9860A /* XCRemoteSwiftPackageReference "CombineCocoa" */;
			productName = CombineCocoa;
		};
		D69244B8285CD3570099AEDB /* ALProgressView */ = {
			isa = XCSwiftPackageProductDependency;
			package = D69244B7285CD3570099AEDB /* XCRemoteSwiftPackageReference "ALProgressView" */;
			productName = ALProgressView;
		};
/* End XCSwiftPackageProductDependency section */
	};
	rootObject = 5A89F13A28574E25006C50B2 /* Project object */;
}
